// !$*UTF8*$!
{
	archiveVersion = 1;
	classes = {
	};
	objectVersion = 50;
	objects = {

/* Begin PBXBuildFile section */
		34114DEB2668031500257940 /* StoriesView.swift in Sources */ = {isa = PBXBuildFile; fileRef = 34114DEA2668031500257940 /* StoriesView.swift */; };
		34114DEC2668031500257940 /* StoriesView.swift in Sources */ = {isa = PBXBuildFile; fileRef = 34114DEA2668031500257940 /* StoriesView.swift */; };
		34114DEE266803CD00257940 /* ItemModel.swift in Sources */ = {isa = PBXBuildFile; fileRef = 34114DED266803CD00257940 /* ItemModel.swift */; };
		34114DEF266803CD00257940 /* ItemModel.swift in Sources */ = {isa = PBXBuildFile; fileRef = 34114DED266803CD00257940 /* ItemModel.swift */; };
		34114DF3266808D100257940 /* PostsController.swift in Sources */ = {isa = PBXBuildFile; fileRef = 34114DF2266808D100257940 /* PostsController.swift */; };
		34114DF4266808D100257940 /* PostsController.swift in Sources */ = {isa = PBXBuildFile; fileRef = 34114DF2266808D100257940 /* PostsController.swift */; };
		3431AB7D26685AD7004B71F3 /* WebView.swift in Sources */ = {isa = PBXBuildFile; fileRef = 3431AB7C26685AD7004B71F3 /* WebView.swift */; };
		3431AB7E26685AD7004B71F3 /* WebView.swift in Sources */ = {isa = PBXBuildFile; fileRef = 3431AB7C26685AD7004B71F3 /* WebView.swift */; };
		345742E826BDB3F500B8ED97 /* CommentsView.swift in Sources */ = {isa = PBXBuildFile; fileRef = 345742E726BDB3F500B8ED97 /* CommentsView.swift */; };
		345742E926BDB3F500B8ED97 /* CommentsView.swift in Sources */ = {isa = PBXBuildFile; fileRef = 345742E726BDB3F500B8ED97 /* CommentsView.swift */; };
		345742EB26BDB75900B8ED97 /* AskView.swift in Sources */ = {isa = PBXBuildFile; fileRef = 345742EA26BDB75900B8ED97 /* AskView.swift */; };
		345742EC26BDB75900B8ED97 /* AskView.swift in Sources */ = {isa = PBXBuildFile; fileRef = 345742EA26BDB75900B8ED97 /* AskView.swift */; };
		348169BE2624B0B2005CB8B4 /* hackneyApp.swift in Sources */ = {isa = PBXBuildFile; fileRef = 348169AB2624B0B1005CB8B4 /* hackneyApp.swift */; };
		348169BF2624B0B2005CB8B4 /* hackneyApp.swift in Sources */ = {isa = PBXBuildFile; fileRef = 348169AB2624B0B1005CB8B4 /* hackneyApp.swift */; };
		348169C22624B0B2005CB8B4 /* Assets.xcassets in Resources */ = {isa = PBXBuildFile; fileRef = 348169AD2624B0B2005CB8B4 /* Assets.xcassets */; };
		348169C32624B0B2005CB8B4 /* Assets.xcassets in Resources */ = {isa = PBXBuildFile; fileRef = 348169AD2624B0B2005CB8B4 /* Assets.xcassets */; };
		348FAB1F2667EC1200672DD1 /* SidebarView.swift in Sources */ = {isa = PBXBuildFile; fileRef = 348FAB1E2667EC1200672DD1 /* SidebarView.swift */; };
		348FAB202667EC1200672DD1 /* SidebarView.swift in Sources */ = {isa = PBXBuildFile; fileRef = 348FAB1E2667EC1200672DD1 /* SidebarView.swift */; };
		34AD91E526C0524B00389629 /* TabbedView.swift in Sources */ = {isa = PBXBuildFile; fileRef = 34AD91E426C0524B00389629 /* TabbedView.swift */; };
		34AD91E626C0524B00389629 /* TabbedView.swift in Sources */ = {isa = PBXBuildFile; fileRef = 34AD91E426C0524B00389629 /* TabbedView.swift */; };
		34AD91EB26C05CC500389629 /* StoryItem.swift in Sources */ = {isa = PBXBuildFile; fileRef = 34AD91EA26C05CC500389629 /* StoryItem.swift */; };
		34AD91EC26C05CC500389629 /* StoryItem.swift in Sources */ = {isa = PBXBuildFile; fileRef = 34AD91EA26C05CC500389629 /* StoryItem.swift */; };
		34AD91EE26C05D0500389629 /* ShowView.swift in Sources */ = {isa = PBXBuildFile; fileRef = 34AD91ED26C05D0500389629 /* ShowView.swift */; };
		34AD91EF26C05D0500389629 /* ShowView.swift in Sources */ = {isa = PBXBuildFile; fileRef = 34AD91ED26C05D0500389629 /* ShowView.swift */; };
		34AFB12526C4F8D6006F7E3C /* ExpandedView.swift in Sources */ = {isa = PBXBuildFile; fileRef = 34AFB12426C4F8D6006F7E3C /* ExpandedView.swift */; };
		34AFB12626C4F8D6006F7E3C /* ExpandedView.swift in Sources */ = {isa = PBXBuildFile; fileRef = 34AFB12426C4F8D6006F7E3C /* ExpandedView.swift */; };
		34AFB12826C5102F006F7E3C /* ExpandedCommentsView.swift in Sources */ = {isa = PBXBuildFile; fileRef = 34AFB12726C5102F006F7E3C /* ExpandedCommentsView.swift */; };
		34AFB12926C5102F006F7E3C /* ExpandedCommentsView.swift in Sources */ = {isa = PBXBuildFile; fileRef = 34AFB12726C5102F006F7E3C /* ExpandedCommentsView.swift */; };
/* End PBXBuildFile section */

/* Begin PBXFileReference section */
		34114DEA2668031500257940 /* StoriesView.swift */ = {isa = PBXFileReference; lastKnownFileType = sourcecode.swift; path = StoriesView.swift; sourceTree = "<group>"; };
		34114DED266803CD00257940 /* ItemModel.swift */ = {isa = PBXFileReference; lastKnownFileType = sourcecode.swift; path = ItemModel.swift; sourceTree = "<group>"; };
		34114DF2266808D100257940 /* PostsController.swift */ = {isa = PBXFileReference; lastKnownFileType = sourcecode.swift; path = PostsController.swift; sourceTree = "<group>"; };
		3431AB7C26685AD7004B71F3 /* WebView.swift */ = {isa = PBXFileReference; lastKnownFileType = sourcecode.swift; path = WebView.swift; sourceTree = "<group>"; };
		345742E726BDB3F500B8ED97 /* CommentsView.swift */ = {isa = PBXFileReference; lastKnownFileType = sourcecode.swift; path = CommentsView.swift; sourceTree = "<group>"; };
		345742EA26BDB75900B8ED97 /* AskView.swift */ = {isa = PBXFileReference; lastKnownFileType = sourcecode.swift; path = AskView.swift; sourceTree = "<group>"; };
		348169AB2624B0B1005CB8B4 /* hackneyApp.swift */ = {isa = PBXFileReference; lastKnownFileType = sourcecode.swift; path = hackneyApp.swift; sourceTree = "<group>"; };
		348169AD2624B0B2005CB8B4 /* Assets.xcassets */ = {isa = PBXFileReference; lastKnownFileType = folder.assetcatalog; path = Assets.xcassets; sourceTree = "<group>"; };
		348169B22624B0B2005CB8B4 /* hackney.app */ = {isa = PBXFileReference; explicitFileType = wrapper.application; includeInIndex = 0; path = hackney.app; sourceTree = BUILT_PRODUCTS_DIR; };
		348169B52624B0B2005CB8B4 /* Info.plist */ = {isa = PBXFileReference; lastKnownFileType = text.plist.xml; path = Info.plist; sourceTree = "<group>"; };
		348169BA2624B0B2005CB8B4 /* hackney.app */ = {isa = PBXFileReference; explicitFileType = wrapper.application; includeInIndex = 0; path = hackney.app; sourceTree = BUILT_PRODUCTS_DIR; };
		348169BC2624B0B2005CB8B4 /* Info.plist */ = {isa = PBXFileReference; lastKnownFileType = text.plist.xml; path = Info.plist; sourceTree = "<group>"; };
		348169BD2624B0B2005CB8B4 /* macOS.entitlements */ = {isa = PBXFileReference; lastKnownFileType = text.plist.entitlements; path = macOS.entitlements; sourceTree = "<group>"; };
		348169D22624BC75005CB8B4 /* hackney.entitlements */ = {isa = PBXFileReference; lastKnownFileType = text.plist.entitlements; path = hackney.entitlements; sourceTree = "<group>"; };
		348FAB1E2667EC1200672DD1 /* SidebarView.swift */ = {isa = PBXFileReference; lastKnownFileType = sourcecode.swift; path = SidebarView.swift; sourceTree = "<group>"; };
		34AD91E426C0524B00389629 /* TabbedView.swift */ = {isa = PBXFileReference; fileEncoding = 4; lastKnownFileType = sourcecode.swift; path = TabbedView.swift; sourceTree = "<group>"; };
		34AD91EA26C05CC500389629 /* StoryItem.swift */ = {isa = PBXFileReference; lastKnownFileType = sourcecode.swift; path = StoryItem.swift; sourceTree = "<group>"; };
		34AD91ED26C05D0500389629 /* ShowView.swift */ = {isa = PBXFileReference; lastKnownFileType = sourcecode.swift; path = ShowView.swift; sourceTree = "<group>"; };
		34AFB12426C4F8D6006F7E3C /* ExpandedView.swift */ = {isa = PBXFileReference; lastKnownFileType = sourcecode.swift; path = ExpandedView.swift; sourceTree = "<group>"; };
		34AFB12726C5102F006F7E3C /* ExpandedCommentsView.swift */ = {isa = PBXFileReference; lastKnownFileType = sourcecode.swift; path = ExpandedCommentsView.swift; sourceTree = "<group>"; };
/* End PBXFileReference section */

/* Begin PBXFrameworksBuildPhase section */
		348169AF2624B0B2005CB8B4 /* Frameworks */ = {
			isa = PBXFrameworksBuildPhase;
			buildActionMask = 2147483647;
			files = (
			);
			runOnlyForDeploymentPostprocessing = 0;
		};
		348169B72624B0B2005CB8B4 /* Frameworks */ = {
			isa = PBXFrameworksBuildPhase;
			buildActionMask = 2147483647;
			files = (
			);
			runOnlyForDeploymentPostprocessing = 0;
		};
/* End PBXFrameworksBuildPhase section */

/* Begin PBXGroup section */
		34114DF0266803D100257940 /* Model */ = {
			isa = PBXGroup;
			children = (
				34114DED266803CD00257940 /* ItemModel.swift */,
			);
			path = Model;
			sourceTree = "<group>";
		};
		34114DF1266803DD00257940 /* View */ = {
			isa = PBXGroup;
			children = (
				3431AB7F26685AEB004B71F3 /* Supporting Views */,
				34AD91E326C051F500389629 /* Primary Navigation */,
				34AD91E226C051E500389629 /* Pages */,
			);
			path = View;
			sourceTree = "<group>";
		};
		34114DF6266808DD00257940 /* Controller */ = {
			isa = PBXGroup;
			children = (
				34114DF2266808D100257940 /* PostsController.swift */,
			);
			path = Controller;
			sourceTree = "<group>";
		};
		3431AB7F26685AEB004B71F3 /* Supporting Views */ = {
			isa = PBXGroup;
			children = (
				3431AB7C26685AD7004B71F3 /* WebView.swift */,
				34AD91EA26C05CC500389629 /* StoryItem.swift */,
			);
			path = "Supporting Views";
			sourceTree = "<group>";
		};
		348169A52624B0B1005CB8B4 = {
			isa = PBXGroup;
			children = (
				348169D22624BC75005CB8B4 /* hackney.entitlements */,
				348169AA2624B0B1005CB8B4 /* Shared */,
				348169B42624B0B2005CB8B4 /* iOS */,
				348169BB2624B0B2005CB8B4 /* macOS */,
				348169B32624B0B2005CB8B4 /* Products */,
			);
			sourceTree = "<group>";
		};
		348169AA2624B0B1005CB8B4 /* Shared */ = {
			isa = PBXGroup;
			children = (
				348169AB2624B0B1005CB8B4 /* hackneyApp.swift */,
				34114DF1266803DD00257940 /* View */,
				34114DF0266803D100257940 /* Model */,
				34114DF6266808DD00257940 /* Controller */,
				348169AD2624B0B2005CB8B4 /* Assets.xcassets */,
			);
			path = Shared;
			sourceTree = "<group>";
		};
		348169B32624B0B2005CB8B4 /* Products */ = {
			isa = PBXGroup;
			children = (
				348169B22624B0B2005CB8B4 /* hackney.app */,
				348169BA2624B0B2005CB8B4 /* hackney.app */,
			);
			name = Products;
			sourceTree = "<group>";
		};
		348169B42624B0B2005CB8B4 /* iOS */ = {
			isa = PBXGroup;
			children = (
				348169B52624B0B2005CB8B4 /* Info.plist */,
			);
			path = iOS;
			sourceTree = "<group>";
		};
		348169BB2624B0B2005CB8B4 /* macOS */ = {
			isa = PBXGroup;
			children = (
				348169BC2624B0B2005CB8B4 /* Info.plist */,
				348169BD2624B0B2005CB8B4 /* macOS.entitlements */,
			);
			path = macOS;
			sourceTree = "<group>";
		};
		34AD91E226C051E500389629 /* Pages */ = {
			isa = PBXGroup;
			children = (
				34114DEA2668031500257940 /* StoriesView.swift */,
				345742E726BDB3F500B8ED97 /* CommentsView.swift */,
				34AD91ED26C05D0500389629 /* ShowView.swift */,
				345742EA26BDB75900B8ED97 /* AskView.swift */,
				34AFB12426C4F8D6006F7E3C /* ExpandedView.swift */,
				34AFB12726C5102F006F7E3C /* ExpandedCommentsView.swift */,
			);
			path = Pages;
			sourceTree = "<group>";
		};
		34AD91E326C051F500389629 /* Primary Navigation */ = {
			isa = PBXGroup;
			children = (
				34AD91E426C0524B00389629 /* TabbedView.swift */,
				348FAB1E2667EC1200672DD1 /* SidebarView.swift */,
			);
			path = "Primary Navigation";
			sourceTree = "<group>";
		};
/* End PBXGroup section */

/* Begin PBXNativeTarget section */
		348169B12624B0B2005CB8B4 /* hackney (iOS) */ = {
			isa = PBXNativeTarget;
			buildConfigurationList = 348169C62624B0B2005CB8B4 /* Build configuration list for PBXNativeTarget "hackney (iOS)" */;
			buildPhases = (
				348169AE2624B0B2005CB8B4 /* Sources */,
				348169AF2624B0B2005CB8B4 /* Frameworks */,
				348169B02624B0B2005CB8B4 /* Resources */,
			);
			buildRules = (
			);
			dependencies = (
			);
			name = "hackney (iOS)";
			productName = "hackney (iOS)";
			productReference = 348169B22624B0B2005CB8B4 /* hackney.app */;
			productType = "com.apple.product-type.application";
		};
		348169B92624B0B2005CB8B4 /* hackney (macOS) */ = {
			isa = PBXNativeTarget;
			buildConfigurationList = 348169C92624B0B2005CB8B4 /* Build configuration list for PBXNativeTarget "hackney (macOS)" */;
			buildPhases = (
				348169B62624B0B2005CB8B4 /* Sources */,
				348169B72624B0B2005CB8B4 /* Frameworks */,
				348169B82624B0B2005CB8B4 /* Resources */,
			);
			buildRules = (
			);
			dependencies = (
			);
			name = "hackney (macOS)";
			productName = "hackney (macOS)";
			productReference = 348169BA2624B0B2005CB8B4 /* hackney.app */;
			productType = "com.apple.product-type.application";
		};
/* End PBXNativeTarget section */

/* Begin PBXProject section */
		348169A62624B0B1005CB8B4 /* Project object */ = {
			isa = PBXProject;
			attributes = {
				LastSwiftUpdateCheck = 1240;
				LastUpgradeCheck = 1250;
				TargetAttributes = {
					348169B12624B0B2005CB8B4 = {
						CreatedOnToolsVersion = 12.4;
					};
					348169B92624B0B2005CB8B4 = {
						CreatedOnToolsVersion = 12.4;
					};
				};
			};
			buildConfigurationList = 348169A92624B0B1005CB8B4 /* Build configuration list for PBXProject "hackney" */;
			compatibilityVersion = "Xcode 9.3";
			developmentRegion = en;
			hasScannedForEncodings = 0;
			knownRegions = (
				en,
				Base,
			);
			mainGroup = 348169A52624B0B1005CB8B4;
			productRefGroup = 348169B32624B0B2005CB8B4 /* Products */;
			projectDirPath = "";
			projectRoot = "";
			targets = (
				348169B12624B0B2005CB8B4 /* hackney (iOS) */,
				348169B92624B0B2005CB8B4 /* hackney (macOS) */,
			);
		};
/* End PBXProject section */

/* Begin PBXResourcesBuildPhase section */
		348169B02624B0B2005CB8B4 /* Resources */ = {
			isa = PBXResourcesBuildPhase;
			buildActionMask = 2147483647;
			files = (
				348169C22624B0B2005CB8B4 /* Assets.xcassets in Resources */,
			);
			runOnlyForDeploymentPostprocessing = 0;
		};
		348169B82624B0B2005CB8B4 /* Resources */ = {
			isa = PBXResourcesBuildPhase;
			buildActionMask = 2147483647;
			files = (
				348169C32624B0B2005CB8B4 /* Assets.xcassets in Resources */,
			);
			runOnlyForDeploymentPostprocessing = 0;
		};
/* End PBXResourcesBuildPhase section */

/* Begin PBXSourcesBuildPhase section */
		348169AE2624B0B2005CB8B4 /* Sources */ = {
			isa = PBXSourcesBuildPhase;
			buildActionMask = 2147483647;
			files = (
				348169BE2624B0B2005CB8B4 /* hackneyApp.swift in Sources */,
				348FAB1F2667EC1200672DD1 /* SidebarView.swift in Sources */,
				34AD91EE26C05D0500389629 /* ShowView.swift in Sources */,
				34114DEE266803CD00257940 /* ItemModel.swift in Sources */,
				34AFB12826C5102F006F7E3C /* ExpandedCommentsView.swift in Sources */,
				345742EB26BDB75900B8ED97 /* AskView.swift in Sources */,
				34AFB12526C4F8D6006F7E3C /* ExpandedView.swift in Sources */,
				34AD91EB26C05CC500389629 /* StoryItem.swift in Sources */,
				3431AB7D26685AD7004B71F3 /* WebView.swift in Sources */,
				34AD91E526C0524B00389629 /* TabbedView.swift in Sources */,
				34114DF3266808D100257940 /* PostsController.swift in Sources */,
				345742E826BDB3F500B8ED97 /* CommentsView.swift in Sources */,
				34114DEB2668031500257940 /* StoriesView.swift in Sources */,
			);
			runOnlyForDeploymentPostprocessing = 0;
		};
		348169B62624B0B2005CB8B4 /* Sources */ = {
			isa = PBXSourcesBuildPhase;
			buildActionMask = 2147483647;
			files = (
				348169BF2624B0B2005CB8B4 /* hackneyApp.swift in Sources */,
				348FAB202667EC1200672DD1 /* SidebarView.swift in Sources */,
				34AD91EF26C05D0500389629 /* ShowView.swift in Sources */,
				34114DEF266803CD00257940 /* ItemModel.swift in Sources */,
				34AFB12926C5102F006F7E3C /* ExpandedCommentsView.swift in Sources */,
				345742EC26BDB75900B8ED97 /* AskView.swift in Sources */,
				34AFB12626C4F8D6006F7E3C /* ExpandedView.swift in Sources */,
				34AD91EC26C05CC500389629 /* StoryItem.swift in Sources */,
				3431AB7E26685AD7004B71F3 /* WebView.swift in Sources */,
				34AD91E626C0524B00389629 /* TabbedView.swift in Sources */,
				34114DF4266808D100257940 /* PostsController.swift in Sources */,
				345742E926BDB3F500B8ED97 /* CommentsView.swift in Sources */,
				34114DEC2668031500257940 /* StoriesView.swift in Sources */,
			);
			runOnlyForDeploymentPostprocessing = 0;
		};
/* End PBXSourcesBuildPhase section */

/* Begin XCBuildConfiguration section */
		348169C42624B0B2005CB8B4 /* Debug */ = {
			isa = XCBuildConfiguration;
			buildSettings = {
				ALWAYS_SEARCH_USER_PATHS = NO;
				CLANG_ANALYZER_NONNULL = YES;
				CLANG_ANALYZER_NUMBER_OBJECT_CONVERSION = YES_AGGRESSIVE;
				CLANG_CXX_LANGUAGE_STANDARD = "gnu++14";
				CLANG_CXX_LIBRARY = "libc++";
				CLANG_ENABLE_MODULES = YES;
				CLANG_ENABLE_OBJC_ARC = YES;
				CLANG_ENABLE_OBJC_WEAK = YES;
				CLANG_WARN_BLOCK_CAPTURE_AUTORELEASING = YES;
				CLANG_WARN_BOOL_CONVERSION = YES;
				CLANG_WARN_COMMA = YES;
				CLANG_WARN_CONSTANT_CONVERSION = YES;
				CLANG_WARN_DEPRECATED_OBJC_IMPLEMENTATIONS = YES;
				CLANG_WARN_DIRECT_OBJC_ISA_USAGE = YES_ERROR;
				CLANG_WARN_DOCUMENTATION_COMMENTS = YES;
				CLANG_WARN_EMPTY_BODY = YES;
				CLANG_WARN_ENUM_CONVERSION = YES;
				CLANG_WARN_INFINITE_RECURSION = YES;
				CLANG_WARN_INT_CONVERSION = YES;
				CLANG_WARN_NON_LITERAL_NULL_CONVERSION = YES;
				CLANG_WARN_OBJC_IMPLICIT_RETAIN_SELF = YES;
				CLANG_WARN_OBJC_LITERAL_CONVERSION = YES;
				CLANG_WARN_OBJC_ROOT_CLASS = YES_ERROR;
				CLANG_WARN_QUOTED_INCLUDE_IN_FRAMEWORK_HEADER = YES;
				CLANG_WARN_RANGE_LOOP_ANALYSIS = YES;
				CLANG_WARN_STRICT_PROTOTYPES = YES;
				CLANG_WARN_SUSPICIOUS_MOVE = YES;
				CLANG_WARN_UNGUARDED_AVAILABILITY = YES_AGGRESSIVE;
				CLANG_WARN_UNREACHABLE_CODE = YES;
				CLANG_WARN__DUPLICATE_METHOD_MATCH = YES;
				COPY_PHASE_STRIP = NO;
				DEBUG_INFORMATION_FORMAT = dwarf;
				ENABLE_STRICT_OBJC_MSGSEND = YES;
				ENABLE_TESTABILITY = YES;
				GCC_C_LANGUAGE_STANDARD = gnu11;
				GCC_DYNAMIC_NO_PIC = NO;
				GCC_NO_COMMON_BLOCKS = YES;
				GCC_OPTIMIZATION_LEVEL = 0;
				GCC_PREPROCESSOR_DEFINITIONS = (
					"DEBUG=1",
					"$(inherited)",
				);
				GCC_WARN_64_TO_32_BIT_CONVERSION = YES;
				GCC_WARN_ABOUT_RETURN_TYPE = YES_ERROR;
				GCC_WARN_UNDECLARED_SELECTOR = YES;
				GCC_WARN_UNINITIALIZED_AUTOS = YES_AGGRESSIVE;
				GCC_WARN_UNUSED_FUNCTION = YES;
				GCC_WARN_UNUSED_VARIABLE = YES;
				MTL_ENABLE_DEBUG_INFO = INCLUDE_SOURCE;
				MTL_FAST_MATH = YES;
				ONLY_ACTIVE_ARCH = YES;
				SWIFT_ACTIVE_COMPILATION_CONDITIONS = DEBUG;
				SWIFT_OPTIMIZATION_LEVEL = "-Onone";
			};
			name = Debug;
		};
		348169C52624B0B2005CB8B4 /* Release */ = {
			isa = XCBuildConfiguration;
			buildSettings = {
				ALWAYS_SEARCH_USER_PATHS = NO;
				CLANG_ANALYZER_NONNULL = YES;
				CLANG_ANALYZER_NUMBER_OBJECT_CONVERSION = YES_AGGRESSIVE;
				CLANG_CXX_LANGUAGE_STANDARD = "gnu++14";
				CLANG_CXX_LIBRARY = "libc++";
				CLANG_ENABLE_MODULES = YES;
				CLANG_ENABLE_OBJC_ARC = YES;
				CLANG_ENABLE_OBJC_WEAK = YES;
				CLANG_WARN_BLOCK_CAPTURE_AUTORELEASING = YES;
				CLANG_WARN_BOOL_CONVERSION = YES;
				CLANG_WARN_COMMA = YES;
				CLANG_WARN_CONSTANT_CONVERSION = YES;
				CLANG_WARN_DEPRECATED_OBJC_IMPLEMENTATIONS = YES;
				CLANG_WARN_DIRECT_OBJC_ISA_USAGE = YES_ERROR;
				CLANG_WARN_DOCUMENTATION_COMMENTS = YES;
				CLANG_WARN_EMPTY_BODY = YES;
				CLANG_WARN_ENUM_CONVERSION = YES;
				CLANG_WARN_INFINITE_RECURSION = YES;
				CLANG_WARN_INT_CONVERSION = YES;
				CLANG_WARN_NON_LITERAL_NULL_CONVERSION = YES;
				CLANG_WARN_OBJC_IMPLICIT_RETAIN_SELF = YES;
				CLANG_WARN_OBJC_LITERAL_CONVERSION = YES;
				CLANG_WARN_OBJC_ROOT_CLASS = YES_ERROR;
				CLANG_WARN_QUOTED_INCLUDE_IN_FRAMEWORK_HEADER = YES;
				CLANG_WARN_RANGE_LOOP_ANALYSIS = YES;
				CLANG_WARN_STRICT_PROTOTYPES = YES;
				CLANG_WARN_SUSPICIOUS_MOVE = YES;
				CLANG_WARN_UNGUARDED_AVAILABILITY = YES_AGGRESSIVE;
				CLANG_WARN_UNREACHABLE_CODE = YES;
				CLANG_WARN__DUPLICATE_METHOD_MATCH = YES;
				COPY_PHASE_STRIP = NO;
				DEBUG_INFORMATION_FORMAT = "dwarf-with-dsym";
				ENABLE_NS_ASSERTIONS = NO;
				ENABLE_STRICT_OBJC_MSGSEND = YES;
				GCC_C_LANGUAGE_STANDARD = gnu11;
				GCC_NO_COMMON_BLOCKS = YES;
				GCC_WARN_64_TO_32_BIT_CONVERSION = YES;
				GCC_WARN_ABOUT_RETURN_TYPE = YES_ERROR;
				GCC_WARN_UNDECLARED_SELECTOR = YES;
				GCC_WARN_UNINITIALIZED_AUTOS = YES_AGGRESSIVE;
				GCC_WARN_UNUSED_FUNCTION = YES;
				GCC_WARN_UNUSED_VARIABLE = YES;
				MTL_ENABLE_DEBUG_INFO = NO;
				MTL_FAST_MATH = YES;
				SWIFT_COMPILATION_MODE = wholemodule;
				SWIFT_OPTIMIZATION_LEVEL = "-O";
			};
			name = Release;
		};
		348169C72624B0B2005CB8B4 /* Debug */ = {
			isa = XCBuildConfiguration;
			buildSettings = {
				ASSETCATALOG_COMPILER_APPICON_NAME = AppIcon;
				ASSETCATALOG_COMPILER_GLOBAL_ACCENT_COLOR_NAME = AccentColor;
				CODE_SIGN_ENTITLEMENTS = hackney.entitlements;
				CODE_SIGN_STYLE = Automatic;
				DEVELOPMENT_TEAM = YBVLTH5SD7;
				ENABLE_PREVIEWS = YES;
				INFOPLIST_FILE = iOS/Info.plist;
				IPHONEOS_DEPLOYMENT_TARGET = 14.0;
				LD_RUNPATH_SEARCH_PATHS = (
					"$(inherited)",
					"@executable_path/Frameworks",
				);
				PRODUCT_BUNDLE_IDENTIFIER = com.flamingarch.hackney;
				PRODUCT_NAME = hackney;
				SDKROOT = iphoneos;
				SUPPORTS_MACCATALYST = YES;
				SUPPORTS_MAC_DESIGNED_FOR_IPHONE_IPAD = NO;
				SWIFT_VERSION = 5.0;
				TARGETED_DEVICE_FAMILY = "1,2";
			};
			name = Debug;
		};
		348169C82624B0B2005CB8B4 /* Release */ = {
			isa = XCBuildConfiguration;
			buildSettings = {
				ASSETCATALOG_COMPILER_APPICON_NAME = AppIcon;
				ASSETCATALOG_COMPILER_GLOBAL_ACCENT_COLOR_NAME = AccentColor;
				CODE_SIGN_ENTITLEMENTS = hackney.entitlements;
				CODE_SIGN_STYLE = Automatic;
				DEVELOPMENT_TEAM = YBVLTH5SD7;
				ENABLE_PREVIEWS = YES;
				INFOPLIST_FILE = iOS/Info.plist;
				IPHONEOS_DEPLOYMENT_TARGET = 14.0;
				LD_RUNPATH_SEARCH_PATHS = (
					"$(inherited)",
					"@executable_path/Frameworks",
				);
				PRODUCT_BUNDLE_IDENTIFIER = com.flamingarch.hackney;
				PRODUCT_NAME = hackney;
				SDKROOT = iphoneos;
				SUPPORTS_MACCATALYST = YES;
				SUPPORTS_MAC_DESIGNED_FOR_IPHONE_IPAD = NO;
				SWIFT_VERSION = 5.0;
				TARGETED_DEVICE_FAMILY = "1,2";
				VALIDATE_PRODUCT = YES;
			};
			name = Release;
		};
		348169CA2624B0B2005CB8B4 /* Debug */ = {
			isa = XCBuildConfiguration;
			buildSettings = {
				ASSETCATALOG_COMPILER_APPICON_NAME = AppIcon;
				ASSETCATALOG_COMPILER_GLOBAL_ACCENT_COLOR_NAME = AccentColor;
				CODE_SIGN_ENTITLEMENTS = macOS/macOS.entitlements;
				CODE_SIGN_IDENTITY = "-";
				CODE_SIGN_STYLE = Automatic;
				COMBINE_HIDPI_IMAGES = YES;
				DEVELOPMENT_TEAM = YBVLTH5SD7;
				ENABLE_HARDENED_RUNTIME = YES;
				ENABLE_PREVIEWS = YES;
				INFOPLIST_FILE = macOS/Info.plist;
				LD_RUNPATH_SEARCH_PATHS = (
					"$(inherited)",
					"@executable_path/../Frameworks",
				);
				MACOSX_DEPLOYMENT_TARGET = 11.0;
				PRODUCT_BUNDLE_IDENTIFIER = com.flamingarch.hackney;
				PRODUCT_NAME = hackney;
				SDKROOT = macosx;
				SWIFT_VERSION = 5.0;
			};
			name = Debug;
		};
		348169CB2624B0B2005CB8B4 /* Release */ = {
			isa = XCBuildConfiguration;
			buildSettings = {
				ASSETCATALOG_COMPILER_APPICON_NAME = AppIcon;
				ASSETCATALOG_COMPILER_GLOBAL_ACCENT_COLOR_NAME = AccentColor;
				CODE_SIGN_ENTITLEMENTS = macOS/macOS.entitlements;
				CODE_SIGN_IDENTITY = "-";
				CODE_SIGN_STYLE = Automatic;
				COMBINE_HIDPI_IMAGES = YES;
				DEVELOPMENT_TEAM = YBVLTH5SD7;
				ENABLE_HARDENED_RUNTIME = YES;
				ENABLE_PREVIEWS = YES;
				INFOPLIST_FILE = macOS/Info.plist;
				LD_RUNPATH_SEARCH_PATHS = (
					"$(inherited)",
					"@executable_path/../Frameworks",
				);
				MACOSX_DEPLOYMENT_TARGET = 11.0;
				PRODUCT_BUNDLE_IDENTIFIER = com.flamingarch.hackney;
				PRODUCT_NAME = hackney;
				SDKROOT = macosx;
				SWIFT_VERSION = 5.0;
			};
			name = Release;
		};
/* End XCBuildConfiguration section */

/* Begin XCConfigurationList section */
		348169A92624B0B1005CB8B4 /* Build configuration list for PBXProject "hackney" */ = {
			isa = XCConfigurationList;
			buildConfigurations = (
				348169C42624B0B2005CB8B4 /* Debug */,
				348169C52624B0B2005CB8B4 /* Release */,
			);
			defaultConfigurationIsVisible = 0;
			defaultConfigurationName = Release;
		};
		348169C62624B0B2005CB8B4 /* Build configuration list for PBXNativeTarget "hackney (iOS)" */ = {
			isa = XCConfigurationList;
			buildConfigurations = (
				348169C72624B0B2005CB8B4 /* Debug */,
				348169C82624B0B2005CB8B4 /* Release */,
			);
			defaultConfigurationIsVisible = 0;
			defaultConfigurationName = Release;
		};
		348169C92624B0B2005CB8B4 /* Build configuration list for PBXNativeTarget "hackney (macOS)" */ = {
			isa = XCConfigurationList;
			buildConfigurations = (
				348169CA2624B0B2005CB8B4 /* Debug */,
				348169CB2624B0B2005CB8B4 /* Release */,
			);
			defaultConfigurationIsVisible = 0;
			defaultConfigurationName = Release;
		};
/* End XCConfigurationList section */
	};
	rootObject = 348169A62624B0B1005CB8B4 /* Project object */;
}
